
Microsoft Visual Studio Solution File, Format Version 12.00
# Visual Studio 14
VisualStudioVersion = 14.0.25420.1
MinimumVisualStudioVersion = 10.0.40219.1
Project("{FAE04EC0-301F-11D3-BF4B-00C04F79EFBC}") = "FundAPI", "FundAPI\FundAPI.csproj", "{5A2C06FA-FAED-4504-A7FF-BC2A7875C28B}"
EndProject
Project("{FAE04EC0-301F-11D3-BF4B-00C04F79EFBC}") = "FundAPI.Tests", "FundAPI.Tests\FundAPI.Tests.csproj", "{DCF95E8C-44BB-4162-AAD1-CD97EFED3928}"
EndProject
Global
	GlobalSection(SolutionConfigurationPlatforms) = preSolution
		Debug|Any CPU = Debug|Any CPU
		Release|Any CPU = Release|Any CPU
	EndGlobalSection
	GlobalSection(ProjectConfigurationPlatforms) = postSolution
		{5A2C06FA-FAED-4504-A7FF-BC2A7875C28B}.Debug|Any CPU.ActiveCfg = Debug|Any CPU
		{5A2C06FA-FAED-4504-A7FF-BC2A7875C28B}.Debug|Any CPU.Build.0 = Debug|Any CPU
		{5A2C06FA-FAED-4504-A7FF-BC2A7875C28B}.Release|Any CPU.ActiveCfg = Release|Any CPU
		{5A2C06FA-FAED-4504-A7FF-BC2A7875C28B}.Release|Any CPU.Build.0 = Release|Any CPU
		{DCF95E8C-44BB-4162-AAD1-CD97EFED3928}.Debug|Any CPU.ActiveCfg = Debug|Any CPU
		{DCF95E8C-44BB-4162-AAD1-CD97EFED3928}.Debug|Any CPU.Build.0 = Debug|Any CPU
		{DCF95E8C-44BB-4162-AAD1-CD97EFED3928}.Release|Any CPU.ActiveCfg = Release|Any CPU
		{DCF95E8C-44BB-4162-AAD1-CD97EFED3928}.Release|Any CPU.Build.0 = Release|Any CPU
	EndGlobalSection
	GlobalSection(SolutionProperties) = preSolution
		HideSolutionNode = FALSE
	EndGlobalSection
EndGlobal
